
Microsoft Visual Studio Solution File, Format Version 12.00
# Visual Studio Version 17
VisualStudioVersion = 17.13.35919.96 d17.13
MinimumVisualStudioVersion = 10.0.40219.1
Project("{FAE04EC0-301F-11D3-BF4B-00C04F79EFBC}") = "NotasAulas2", "NotasAulas2\NotasAulas2.csproj", "{A5AFC035-3480-4DE5-9722-4DDADFE81C4C}"
EndProject
Global
	GlobalSection(SolutionConfigurationPlatforms) = preSolution
		Debug|Any CPU = Debug|Any CPU
		Release|Any CPU = Release|Any CPU
	EndGlobalSection
	GlobalSection(ProjectConfigurationPlatforms) = postSolution
		{A5AFC035-3480-4DE5-9722-4DDADFE81C4C}.Debug|Any CPU.ActiveCfg = Debug|Any CPU
		{A5AFC035-3480-4DE5-9722-4DDADFE81C4C}.Debug|Any CPU.Build.0 = Debug|Any CPU
		{A5AFC035-3480-4DE5-9722-4DDADFE81C4C}.Release|Any CPU.ActiveCfg = Release|Any CPU
		{A5AFC035-3480-4DE5-9722-4DDADFE81C4C}.Release|Any CPU.Build.0 = Release|Any CPU
	EndGlobalSection
	GlobalSection(SolutionProperties) = preSolution
		HideSolutionNode = FALSE
	EndGlobalSection
	GlobalSection(ExtensibilityGlobals) = postSolution
		SolutionGuid = {B6CCD7C9-BB91-4E6F-A4A9-F3AE7E40DEA8}
	EndGlobalSection
EndGlobal
