
Microsoft Visual Studio Solution File, Format Version 12.00
# Visual Studio Version 17
VisualStudioVersion = 17.13.35919.96 d17.13
MinimumVisualStudioVersion = 10.0.40219.1
Project("{FAE04EC0-301F-11D3-BF4B-00C04F79EFBC}") = "Login", "Login\Login.csproj", "{C8EAF620-A511-48C1-AE60-6A544F66862F}"
EndProject
Global
	GlobalSection(SolutionConfigurationPlatforms) = preSolution
		Debug|Any CPU = Debug|Any CPU
		Release|Any CPU = Release|Any CPU
	EndGlobalSection
	GlobalSection(ProjectConfigurationPlatforms) = postSolution
		{C8EAF620-A511-48C1-AE60-6A544F66862F}.Debug|Any CPU.ActiveCfg = Debug|Any CPU
		{C8EAF620-A511-48C1-AE60-6A544F66862F}.Debug|Any CPU.Build.0 = Debug|Any CPU
		{C8EAF620-A511-48C1-AE60-6A544F66862F}.Release|Any CPU.ActiveCfg = Release|Any CPU
		{C8EAF620-A511-48C1-AE60-6A544F66862F}.Release|Any CPU.Build.0 = Release|Any CPU
	EndGlobalSection
	GlobalSection(SolutionProperties) = preSolution
		HideSolutionNode = FALSE
	EndGlobalSection
	GlobalSection(ExtensibilityGlobals) = postSolution
		SolutionGuid = {10B04429-9A99-47C3-BD92-F21E0BB2CBCD}
	EndGlobalSection
EndGlobal
