
Microsoft Visual Studio Solution File, Format Version 12.00
# Visual Studio Version 17
VisualStudioVersion = 17.13.35919.96 d17.13
MinimumVisualStudioVersion = 10.0.40219.1
Project("{FAE04EC0-301F-11D3-BF4B-00C04F79EFBC}") = "While1a10", "While1a10\While1a10.csproj", "{96E720BB-6562-4D8D-9346-9BE3113412D9}"
EndProject
Global
	GlobalSection(SolutionConfigurationPlatforms) = preSolution
		Debug|Any CPU = Debug|Any CPU
		Release|Any CPU = Release|Any CPU
	EndGlobalSection
	GlobalSection(ProjectConfigurationPlatforms) = postSolution
		{96E720BB-6562-4D8D-9346-9BE3113412D9}.Debug|Any CPU.ActiveCfg = Debug|Any CPU
		{96E720BB-6562-4D8D-9346-9BE3113412D9}.Debug|Any CPU.Build.0 = Debug|Any CPU
		{96E720BB-6562-4D8D-9346-9BE3113412D9}.Release|Any CPU.ActiveCfg = Release|Any CPU
		{96E720BB-6562-4D8D-9346-9BE3113412D9}.Release|Any CPU.Build.0 = Release|Any CPU
	EndGlobalSection
	GlobalSection(SolutionProperties) = preSolution
		HideSolutionNode = FALSE
	EndGlobalSection
	GlobalSection(ExtensibilityGlobals) = postSolution
		SolutionGuid = {74616EB2-EF0C-4906-933F-7F9EF982DF96}
	EndGlobalSection
EndGlobal
