
Microsoft Visual Studio Solution File, Format Version 12.00
# Visual Studio Version 17
VisualStudioVersion = 17.13.35919.96 d17.13
MinimumVisualStudioVersion = 10.0.40219.1
Project("{FAE04EC0-301F-11D3-BF4B-00C04F79EFBC}") = "Transporte", "Transporte\Transporte.csproj", "{083AC433-AFE7-4B40-9CE7-D5514516FC8A}"
EndProject
Global
	GlobalSection(SolutionConfigurationPlatforms) = preSolution
		Debug|Any CPU = Debug|Any CPU
		Release|Any CPU = Release|Any CPU
	EndGlobalSection
	GlobalSection(ProjectConfigurationPlatforms) = postSolution
		{083AC433-AFE7-4B40-9CE7-D5514516FC8A}.Debug|Any CPU.ActiveCfg = Debug|Any CPU
		{083AC433-AFE7-4B40-9CE7-D5514516FC8A}.Debug|Any CPU.Build.0 = Debug|Any CPU
		{083AC433-AFE7-4B40-9CE7-D5514516FC8A}.Release|Any CPU.ActiveCfg = Release|Any CPU
		{083AC433-AFE7-4B40-9CE7-D5514516FC8A}.Release|Any CPU.Build.0 = Release|Any CPU
	EndGlobalSection
	GlobalSection(SolutionProperties) = preSolution
		HideSolutionNode = FALSE
	EndGlobalSection
	GlobalSection(ExtensibilityGlobals) = postSolution
		SolutionGuid = {8C6D14E8-B059-4DE7-8D52-257DB82D7289}
	EndGlobalSection
EndGlobal
