
Microsoft Visual Studio Solution File, Format Version 12.00
# Visual Studio Version 17
VisualStudioVersion = 17.13.35919.96 d17.13
MinimumVisualStudioVersion = 10.0.40219.1
Project("{FAE04EC0-301F-11D3-BF4B-00C04F79EFBC}") = "For1a10", "For1a10\For1a10.csproj", "{4681A7D8-6B2B-419D-A1E6-9DFF03F56C09}"
EndProject
Global
	GlobalSection(SolutionConfigurationPlatforms) = preSolution
		Debug|Any CPU = Debug|Any CPU
		Release|Any CPU = Release|Any CPU
	EndGlobalSection
	GlobalSection(ProjectConfigurationPlatforms) = postSolution
		{4681A7D8-6B2B-419D-A1E6-9DFF03F56C09}.Debug|Any CPU.ActiveCfg = Debug|Any CPU
		{4681A7D8-6B2B-419D-A1E6-9DFF03F56C09}.Debug|Any CPU.Build.0 = Debug|Any CPU
		{4681A7D8-6B2B-419D-A1E6-9DFF03F56C09}.Release|Any CPU.ActiveCfg = Release|Any CPU
		{4681A7D8-6B2B-419D-A1E6-9DFF03F56C09}.Release|Any CPU.Build.0 = Release|Any CPU
	EndGlobalSection
	GlobalSection(SolutionProperties) = preSolution
		HideSolutionNode = FALSE
	EndGlobalSection
	GlobalSection(ExtensibilityGlobals) = postSolution
		SolutionGuid = {E57376D1-D1A5-4321-92BD-0037580A2308}
	EndGlobalSection
EndGlobal
