
Microsoft Visual Studio Solution File, Format Version 12.00
# Visual Studio Version 17
VisualStudioVersion = 17.13.35919.96 d17.13
MinimumVisualStudioVersion = 10.0.40219.1
Project("{FAE04EC0-301F-11D3-BF4B-00C04F79EFBC}") = "senha", "senha\senha.csproj", "{BA20D12D-4277-40EB-A3EE-42991CD9840F}"
EndProject
Global
	GlobalSection(SolutionConfigurationPlatforms) = preSolution
		Debug|Any CPU = Debug|Any CPU
		Release|Any CPU = Release|Any CPU
	EndGlobalSection
	GlobalSection(ProjectConfigurationPlatforms) = postSolution
		{BA20D12D-4277-40EB-A3EE-42991CD9840F}.Debug|Any CPU.ActiveCfg = Debug|Any CPU
		{BA20D12D-4277-40EB-A3EE-42991CD9840F}.Debug|Any CPU.Build.0 = Debug|Any CPU
		{BA20D12D-4277-40EB-A3EE-42991CD9840F}.Release|Any CPU.ActiveCfg = Release|Any CPU
		{BA20D12D-4277-40EB-A3EE-42991CD9840F}.Release|Any CPU.Build.0 = Release|Any CPU
	EndGlobalSection
	GlobalSection(SolutionProperties) = preSolution
		HideSolutionNode = FALSE
	EndGlobalSection
	GlobalSection(ExtensibilityGlobals) = postSolution
		SolutionGuid = {044BB7F7-C4B0-457F-A017-5B89DF3B0CC0}
	EndGlobalSection
EndGlobal
