
Microsoft Visual Studio Solution File, Format Version 12.00
# Visual Studio Version 17
VisualStudioVersion = 17.13.35919.96 d17.13
MinimumVisualStudioVersion = 10.0.40219.1
Project("{FAE04EC0-301F-11D3-BF4B-00C04F79EFBC}") = "tabuada", "tabuada\tabuada.csproj", "{84274E44-449A-404B-B4AF-3993077C4EEB}"
EndProject
Global
	GlobalSection(SolutionConfigurationPlatforms) = preSolution
		Debug|Any CPU = Debug|Any CPU
		Release|Any CPU = Release|Any CPU
	EndGlobalSection
	GlobalSection(ProjectConfigurationPlatforms) = postSolution
		{84274E44-449A-404B-B4AF-3993077C4EEB}.Debug|Any CPU.ActiveCfg = Debug|Any CPU
		{84274E44-449A-404B-B4AF-3993077C4EEB}.Debug|Any CPU.Build.0 = Debug|Any CPU
		{84274E44-449A-404B-B4AF-3993077C4EEB}.Release|Any CPU.ActiveCfg = Release|Any CPU
		{84274E44-449A-404B-B4AF-3993077C4EEB}.Release|Any CPU.Build.0 = Release|Any CPU
	EndGlobalSection
	GlobalSection(SolutionProperties) = preSolution
		HideSolutionNode = FALSE
	EndGlobalSection
	GlobalSection(ExtensibilityGlobals) = postSolution
		SolutionGuid = {D42B5F09-277F-49BB-87DB-06A9398F7F0B}
	EndGlobalSection
EndGlobal
