
Microsoft Visual Studio Solution File, Format Version 12.00
# Visual Studio Version 17
VisualStudioVersion = 17.13.35919.96 d17.13
MinimumVisualStudioVersion = 10.0.40219.1
Project("{FAE04EC0-301F-11D3-BF4B-00C04F79EFBC}") = "jogoRPG", "jogoRPG\jogoRPG.csproj", "{64324C3F-010A-40DD-A057-488A7B7850D6}"
EndProject
Global
	GlobalSection(SolutionConfigurationPlatforms) = preSolution
		Debug|Any CPU = Debug|Any CPU
		Release|Any CPU = Release|Any CPU
	EndGlobalSection
	GlobalSection(ProjectConfigurationPlatforms) = postSolution
		{64324C3F-010A-40DD-A057-488A7B7850D6}.Debug|Any CPU.ActiveCfg = Debug|Any CPU
		{64324C3F-010A-40DD-A057-488A7B7850D6}.Debug|Any CPU.Build.0 = Debug|Any CPU
		{64324C3F-010A-40DD-A057-488A7B7850D6}.Release|Any CPU.ActiveCfg = Release|Any CPU
		{64324C3F-010A-40DD-A057-488A7B7850D6}.Release|Any CPU.Build.0 = Release|Any CPU
	EndGlobalSection
	GlobalSection(SolutionProperties) = preSolution
		HideSolutionNode = FALSE
	EndGlobalSection
	GlobalSection(ExtensibilityGlobals) = postSolution
		SolutionGuid = {5DE6AE6C-E8A6-4D8E-AE33-FA8F8A79F686}
	EndGlobalSection
EndGlobal
